// !$*UTF8*$!
{
	archiveVersion = 1;
	classes = {
	};
	objectVersion = 50;
	objects = {

/* Begin PBXBuildFile section */
		386169A0208A884300C4335A /* AppDelegate.m in Sources */ = {isa = PBXBuildFile; fileRef = 3861699F208A884300C4335A /* AppDelegate.m */; };
		386169A6208A884300C4335A /* Main.storyboard in Resources */ = {isa = PBXBuildFile; fileRef = 386169A4208A884300C4335A /* Main.storyboard */; };
		386169A8208A884600C4335A /* Assets.xcassets in Resources */ = {isa = PBXBuildFile; fileRef = 386169A7208A884600C4335A /* Assets.xcassets */; };
		386169AB208A884600C4335A /* LaunchScreen.storyboard in Resources */ = {isa = PBXBuildFile; fileRef = 386169A9208A884600C4335A /* LaunchScreen.storyboard */; };
		386169AE208A884600C4335A /* main.m in Sources */ = {isa = PBXBuildFile; fileRef = 386169AD208A884600C4335A /* main.m */; };
		386169B6208A8AA400C4335A /* ViewController.m in Sources */ = {isa = PBXBuildFile; fileRef = 386169B5208A8AA400C4335A /* ViewController.m */; };
		386169B9208ACFAE00C4335A /* VideoCaptureViewController.m in Sources */ = {isa = PBXBuildFile; fileRef = 386169B8208ACFAE00C4335A /* VideoCaptureViewController.m */; };
/* End PBXBuildFile section */

/* Begin PBXFileReference section */
		3861699B208A884300C4335A /* AVFoundation.app */ = {isa = PBXFileReference; explicitFileType = wrapper.application; includeInIndex = 0; path = AVFoundation.app; sourceTree = BUILT_PRODUCTS_DIR; };
		3861699E208A884300C4335A /* AppDelegate.h */ = {isa = PBXFileReference; lastKnownFileType = sourcecode.c.h; path = AppDelegate.h; sourceTree = "<group>"; };
		3861699F208A884300C4335A /* AppDelegate.m */ = {isa = PBXFileReference; lastKnownFileType = sourcecode.c.objc; path = AppDelegate.m; sourceTree = "<group>"; };
		386169A5208A884300C4335A /* Base */ = {isa = PBXFileReference; lastKnownFileType = file.storyboard; name = Base; path = Base.lproj/Main.storyboard; sourceTree = "<group>"; };
		386169A7208A884600C4335A /* Assets.xcassets */ = {isa = PBXFileReference; lastKnownFileType = folder.assetcatalog; path = Assets.xcassets; sourceTree = "<group>"; };
		386169AA208A884600C4335A /* Base */ = {isa = PBXFileReference; lastKnownFileType = file.storyboard; name = Base; path = Base.lproj/LaunchScreen.storyboard; sourceTree = "<group>"; };
		386169AC208A884600C4335A /* Info.plist */ = {isa = PBXFileReference; lastKnownFileType = text.plist.xml; path = Info.plist; sourceTree = "<group>"; };
		386169AD208A884600C4335A /* main.m */ = {isa = PBXFileReference; lastKnownFileType = sourcecode.c.objc; path = main.m; sourceTree = "<group>"; };
		386169B4208A8AA400C4335A /* ViewController.h */ = {isa = PBXFileReference; lastKnownFileType = sourcecode.c.h; path = ViewController.h; sourceTree = "<group>"; };
		386169B5208A8AA400C4335A /* ViewController.m */ = {isa = PBXFileReference; lastKnownFileType = sourcecode.c.objc; path = ViewController.m; sourceTree = "<group>"; };
		386169B7208ACFAE00C4335A /* VideoCaptureViewController.h */ = {isa = PBXFileReference; lastKnownFileType = sourcecode.c.h; path = VideoCaptureViewController.h; sourceTree = "<group>"; };
		386169B8208ACFAE00C4335A /* VideoCaptureViewController.m */ = {isa = PBXFileReference; lastKnownFileType = sourcecode.c.objc; path = VideoCaptureViewController.m; sourceTree = "<group>"; };
/* End PBXFileReference section */

/* Begin PBXFrameworksBuildPhase section */
		38616998208A884300C4335A /* Frameworks */ = {
			isa = PBXFrameworksBuildPhase;
			buildActionMask = 2147483647;
			files = (
			);
			runOnlyForDeploymentPostprocessing = 0;
		};
/* End PBXFrameworksBuildPhase section */

/* Begin PBXGroup section */
		38616992208A884300C4335A = {
			isa = PBXGroup;
			children = (
				3861699D208A884300C4335A /* AVFoundation */,
				3861699C208A884300C4335A /* Products */,
			);
			sourceTree = "<group>";
		};
		3861699C208A884300C4335A /* Products */ = {
			isa = PBXGroup;
			children = (
				3861699B208A884300C4335A /* AVFoundation.app */,
			);
			name = Products;
			sourceTree = "<group>";
		};
		3861699D208A884300C4335A /* AVFoundation */ = {
			isa = PBXGroup;
			children = (
				3861699E208A884300C4335A /* AppDelegate.h */,
				3861699F208A884300C4335A /* AppDelegate.m */,
				386169B4208A8AA400C4335A /* ViewController.h */,
				386169B5208A8AA400C4335A /* ViewController.m */,
				386169B7208ACFAE00C4335A /* VideoCaptureViewController.h */,
				386169B8208ACFAE00C4335A /* VideoCaptureViewController.m */,
				386169A4208A884300C4335A /* Main.storyboard */,
				386169A7208A884600C4335A /* Assets.xcassets */,
				386169A9208A884600C4335A /* LaunchScreen.storyboard */,
				386169AC208A884600C4335A /* Info.plist */,
				386169AD208A884600C4335A /* main.m */,
			);
			path = AVFoundation;
			sourceTree = "<group>";
		};
/* End PBXGroup section */

/* Begin PBXNativeTarget section */
		3861699A208A884300C4335A /* AVFoundation */ = {
			isa = PBXNativeTarget;
			buildConfigurationList = 386169B1208A884600C4335A /* Build configuration list for PBXNativeTarget "AVFoundation" */;
			buildPhases = (
				38616997208A884300C4335A /* Sources */,
				38616998208A884300C4335A /* Frameworks */,
				38616999208A884300C4335A /* Resources */,
			);
			buildRules = (
			);
			dependencies = (
			);
			name = AVFoundation;
			productName = AVFoundation;
			productReference = 3861699B208A884300C4335A /* AVFoundation.app */;
			productType = "com.apple.product-type.application";
		};
/* End PBXNativeTarget section */

/* Begin PBXProject section */
		38616993208A884300C4335A /* Project object */ = {
			isa = PBXProject;
			attributes = {
				LastUpgradeCheck = 0930;
				ORGANIZATIONNAME = Sylvanus;
				TargetAttributes = {
					3861699A208A884300C4335A = {
						CreatedOnToolsVersion = 9.3;
					};
				};
			};
			buildConfigurationList = 38616996208A884300C4335A /* Build configuration list for PBXProject "AVFoundation" */;
			compatibilityVersion = "Xcode 9.3";
			developmentRegion = en;
			hasScannedForEncodings = 0;
			knownRegions = (
				en,
				Base,
			);
			mainGroup = 38616992208A884300C4335A;
			productRefGroup = 3861699C208A884300C4335A /* Products */;
			projectDirPath = "";
			projectRoot = "";
			targets = (
				3861699A208A884300C4335A /* AVFoundation */,
			);
		};
/* End PBXProject section */

/* Begin PBXResourcesBuildPhase section */
		38616999208A884300C4335A /* Resources */ = {
			isa = PBXResourcesBuildPhase;
			buildActionMask = 2147483647;
			files = (
				386169AB208A884600C4335A /* LaunchScreen.storyboard in Resources */,
				386169A8208A884600C4335A /* Assets.xcassets in Resources */,
				386169A6208A884300C4335A /* Main.storyboard in Resources */,
			);
			runOnlyForDeploymentPostprocessing = 0;
		};
/* End PBXResourcesBuildPhase section */

/* Begin PBXSourcesBuildPhase section */
		38616997208A884300C4335A /* Sources */ = {
			isa = PBXSourcesBuildPhase;
			buildActionMask = 2147483647;
			files = (
				386169B6208A8AA400C4335A /* ViewController.m in Sources */,
				386169B9208ACFAE00C4335A /* VideoCaptureViewController.m in Sources */,
				386169AE208A884600C4335A /* main.m in Sources */,
				386169A0208A884300C4335A /* AppDelegate.m in Sources */,
			);
			runOnlyForDeploymentPostprocessing = 0;
		};
/* End PBXSourcesBuildPhase section */

/* Begin PBXVariantGroup section */
		386169A4208A884300C4335A /* Main.storyboard */ = {
			isa = PBXVariantGroup;
			children = (
				386169A5208A884300C4335A /* Base */,
			);
			name = Main.storyboard;
			sourceTree = "<group>";
		};
		386169A9208A884600C4335A /* LaunchScreen.storyboard */ = {
			isa = PBXVariantGroup;
			children = (
				386169AA208A884600C4335A /* Base */,
			);
			name = LaunchScreen.storyboard;
			sourceTree = "<group>";
		};
/* End PBXVariantGroup section */

/* Begin XCBuildConfiguration section */
		386169AF208A884600C4335A /* Debug */ = {
			isa = XCBuildConfiguration;
			buildSettings = {
				ALWAYS_SEARCH_USER_PATHS = NO;
				CLANG_ANALYZER_NONNULL = YES;
				CLANG_ANALYZER_NUMBER_OBJECT_CONVERSION = YES_AGGRESSIVE;
				CLANG_CXX_LANGUAGE_STANDARD = "gnu++14";
				CLANG_CXX_LIBRARY = "libc++";
				CLANG_ENABLE_MODULES = YES;
				CLANG_ENABLE_OBJC_ARC = YES;
				CLANG_ENABLE_OBJC_WEAK = YES;
				CLANG_WARN_BLOCK_CAPTURE_AUTORELEASING = YES;
				CLANG_WARN_BOOL_CONVERSION = YES;
				CLANG_WARN_COMMA = YES;
				CLANG_WARN_CONSTANT_CONVERSION = YES;
				CLANG_WARN_DEPRECATED_OBJC_IMPLEMENTATIONS = YES;
				CLANG_WARN_DIRECT_OBJC_ISA_USAGE = YES_ERROR;
				CLANG_WARN_DOCUMENTATION_COMMENTS = YES;
				CLANG_WARN_EMPTY_BODY = YES;
				CLANG_WARN_ENUM_CONVERSION = YES;
				CLANG_WARN_INFINITE_RECURSION = YES;
				CLANG_WARN_INT_CONVERSION = YES;
				CLANG_WARN_NON_LITERAL_NULL_CONVERSION = YES;
				CLANG_WARN_OBJC_IMPLICIT_RETAIN_SELF = YES;
				CLANG_WARN_OBJC_LITERAL_CONVERSION = YES;
				CLANG_WARN_OBJC_ROOT_CLASS = YES_ERROR;
				CLANG_WARN_RANGE_LOOP_ANALYSIS = YES;
				CLANG_WARN_STRICT_PROTOTYPES = YES;
				CLANG_WARN_SUSPICIOUS_MOVE = YES;
				CLANG_WARN_UNGUARDED_AVAILABILITY = YES_AGGRESSIVE;
				CLANG_WARN_UNREACHABLE_CODE = YES;
				CLANG_WARN__DUPLICATE_METHOD_MATCH = YES;
				CODE_SIGN_IDENTITY = "iPhone Developer";
				COPY_PHASE_STRIP = NO;
				DEBUG_INFORMATION_FORMAT = dwarf;
				ENABLE_STRICT_OBJC_MSGSEND = YES;
				ENABLE_TESTABILITY = YES;
				GCC_C_LANGUAGE_STANDARD = gnu11;
				GCC_DYNAMIC_NO_PIC = NO;
				GCC_NO_COMMON_BLOCKS = YES;
				GCC_OPTIMIZATION_LEVEL = 0;
				GCC_PREPROCESSOR_DEFINITIONS = (
					"DEBUG=1",
					"$(inherited)",
				);
				GCC_WARN_64_TO_32_BIT_CONVERSION = YES;
				GCC_WARN_ABOUT_RETURN_TYPE = YES_ERROR;
				GCC_WARN_UNDECLARED_SELECTOR = YES;
				GCC_WARN_UNINITIALIZED_AUTOS = YES_AGGRESSIVE;
				GCC_WARN_UNUSED_FUNCTION = YES;
				GCC_WARN_UNUSED_VARIABLE = YES;
				IPHONEOS_DEPLOYMENT_TARGET = 11.3;
				MTL_ENABLE_DEBUG_INFO = YES;
				ONLY_ACTIVE_ARCH = YES;
				SDKROOT = iphoneos;
			};
			name = Debug;
		};
		386169B0208A884600C4335A /* Release */ = {
			isa = XCBuildConfiguration;
			buildSettings = {
				ALWAYS_SEARCH_USER_PATHS = NO;
				CLANG_ANALYZER_NONNULL = YES;
				CLANG_ANALYZER_NUMBER_OBJECT_CONVERSION = YES_AGGRESSIVE;
				CLANG_CXX_LANGUAGE_STANDARD = "gnu++14";
				CLANG_CXX_LIBRARY = "libc++";
				CLANG_ENABLE_MODULES = YES;
				CLANG_ENABLE_OBJC_ARC = YES;
				CLANG_ENABLE_OBJC_WEAK = YES;
				CLANG_WARN_BLOCK_CAPTURE_AUTORELEASING = YES;
				CLANG_WARN_BOOL_CONVERSION = YES;
				CLANG_WARN_COMMA = YES;
				CLANG_WARN_CONSTANT_CONVERSION = YES;
				CLANG_WARN_DEPRECATED_OBJC_IMPLEMENTATIONS = YES;
				CLANG_WARN_DIRECT_OBJC_ISA_USAGE = YES_ERROR;
				CLANG_WARN_DOCUMENTATION_COMMENTS = YES;
				CLANG_WARN_EMPTY_BODY = YES;
				CLANG_WARN_ENUM_CONVERSION = YES;
				CLANG_WARN_INFINITE_RECURSION = YES;
				CLANG_WARN_INT_CONVERSION = YES;
				CLANG_WARN_NON_LITERAL_NULL_CONVERSION = YES;
				CLANG_WARN_OBJC_IMPLICIT_RETAIN_SELF = YES;
				CLANG_WARN_OBJC_LITERAL_CONVERSION = YES;
				CLANG_WARN_OBJC_ROOT_CLASS = YES_ERROR;
				CLANG_WARN_RANGE_LOOP_ANALYSIS = YES;
				CLANG_WARN_STRICT_PROTOTYPES = YES;
				CLANG_WARN_SUSPICIOUS_MOVE = YES;
				CLANG_WARN_UNGUARDED_AVAILABILITY = YES_AGGRESSIVE;
				CLANG_WARN_UNREACHABLE_CODE = YES;
				CLANG_WARN__DUPLICATE_METHOD_MATCH = YES;
				CODE_SIGN_IDENTITY = "iPhone Developer";
				COPY_PHASE_STRIP = NO;
				DEBUG_INFORMATION_FORMAT = "dwarf-with-dsym";
				ENABLE_NS_ASSERTIONS = NO;
				ENABLE_STRICT_OBJC_MSGSEND = YES;
				GCC_C_LANGUAGE_STANDARD = gnu11;
				GCC_NO_COMMON_BLOCKS = YES;
				GCC_WARN_64_TO_32_BIT_CONVERSION = YES;
				GCC_WARN_ABOUT_RETURN_TYPE = YES_ERROR;
				GCC_WARN_UNDECLARED_SELECTOR = YES;
				GCC_WARN_UNINITIALIZED_AUTOS = YES_AGGRESSIVE;
				GCC_WARN_UNUSED_FUNCTION = YES;
				GCC_WARN_UNUSED_VARIABLE = YES;
				IPHONEOS_DEPLOYMENT_TARGET = 11.3;
				MTL_ENABLE_DEBUG_INFO = NO;
				SDKROOT = iphoneos;
				VALIDATE_PRODUCT = YES;
			};
			name = Release;
		};
		386169B2208A884600C4335A /* Debug */ = {
			isa = XCBuildConfiguration;
			buildSettings = {
				ASSETCATALOG_COMPILER_APPICON_NAME = AppIcon;
				CODE_SIGN_STYLE = Automatic;
				DEVELOPMENT_TEAM = VU655ZGTDL;
				INFOPLIST_FILE = AVFoundation/Info.plist;
				LD_RUNPATH_SEARCH_PATHS = (
					"$(inherited)",
					"@executable_path/Frameworks",
				);
				PRODUCT_BUNDLE_IDENTIFIER = Sylvanus.AVFoundation;
				PRODUCT_NAME = "$(TARGET_NAME)";
				TARGETED_DEVICE_FAMILY = "1,2";
			};
			name = Debug;
		};
		386169B3208A884600C4335A /* Release */ = {
			isa = XCBuildConfiguration;
			buildSettings = {
				ASSETCATALOG_COMPILER_APPICON_NAME = AppIcon;
				CODE_SIGN_STYLE = Automatic;
				DEVELOPMENT_TEAM = VU655ZGTDL;
				INFOPLIST_FILE = AVFoundation/Info.plist;
				LD_RUNPATH_SEARCH_PATHS = (
					"$(inherited)",
					"@executable_path/Frameworks",
				);
				PRODUCT_BUNDLE_IDENTIFIER = Sylvanus.AVFoundation;
				PRODUCT_NAME = "$(TARGET_NAME)";
				TARGETED_DEVICE_FAMILY = "1,2";
			};
			name = Release;
		};
/* End XCBuildConfiguration section */

/* Begin XCConfigurationList section */
		38616996208A884300C4335A /* Build configuration list for PBXProject "AVFoundation" */ = {
			isa = XCConfigurationList;
			buildConfigurations = (
				386169AF208A884600C4335A /* Debug */,
				386169B0208A884600C4335A /* Release */,
			);
			defaultConfigurationIsVisible = 0;
			defaultConfigurationName = Release;
		};
		386169B1208A884600C4335A /* Build configuration list for PBXNativeTarget "AVFoundation" */ = {
			isa = XCConfigurationList;
			buildConfigurations = (
				386169B2208A884600C4335A /* Debug */,
				386169B3208A884600C4335A /* Release */,
			);
			defaultConfigurationIsVisible = 0;
			defaultConfigurationName = Release;
		};
/* End XCConfigurationList section */
	};
	rootObject = 38616993208A884300C4335A /* Project object */;
}
